
Microsoft Visual Studio Solution File, Format Version 12.00
# Visual Studio Version 17
VisualStudioVersion = 17.6.33801.468
MinimumVisualStudioVersion = 10.0.40219.1
Project("{FAE04EC0-301F-11D3-BF4B-00C04F79EFBC}") = "CNN_HandwritingRecognition", "CNN_HandwritingRecognition.csproj", "{087BD807-B9B3-404D-A264-5DCFF0F658CA}"
EndProject
Global
	GlobalSection(SolutionConfigurationPlatforms) = preSolution
		Debug|Any CPU = Debug|Any CPU
		Release|Any CPU = Release|Any CPU
	EndGlobalSection
	GlobalSection(ProjectConfigurationPlatforms) = postSolution
		{087BD807-B9B3-404D-A264-5DCFF0F658CA}.Debug|Any CPU.ActiveCfg = Debug|Any CPU
		{087BD807-B9B3-404D-A264-5DCFF0F658CA}.Debug|Any CPU.Build.0 = Debug|Any CPU
		{087BD807-B9B3-404D-A264-5DCFF0F658CA}.Release|Any CPU.ActiveCfg = Release|Any CPU
		{087BD807-B9B3-404D-A264-5DCFF0F658CA}.Release|Any CPU.Build.0 = Release|Any CPU
	EndGlobalSection
	GlobalSection(SolutionProperties) = preSolution
		HideSolutionNode = FALSE
	EndGlobalSection
	GlobalSection(ExtensibilityGlobals) = postSolution
		SolutionGuid = {D1775E8A-7896-4529-AE5F-EDC8C3B99436}
	EndGlobalSection
EndGlobal
